
Microsoft Visual Studio Solution File, Format Version 12.00
# Visual Studio Version 16
VisualStudioVersion = 16.0.31105.61
MinimumVisualStudioVersion = 10.0.40219.1
Project("{FAE04EC0-301F-11D3-BF4B-00C04F79EFBC}") = "jwt-authentication-api-example", "jwt-authentication-api-example\jwt-authentication-api-example.csproj", "{0FE4CE0D-9CAC-4D61-86F5-06D86C7339EB}"
EndProject
Project("{FAE04EC0-301F-11D3-BF4B-00C04F79EFBC}") = "ECDsaDemo", "ECDsaDemo\ECDsaDemo.csproj", "{DB81B1BD-4028-427A-8F40-0A97014CDAC6}"
EndProject
Global
	GlobalSection(SolutionConfigurationPlatforms) = preSolution
		Debug|Any CPU = Debug|Any CPU
		Release|Any CPU = Release|Any CPU
	EndGlobalSection
	GlobalSection(ProjectConfigurationPlatforms) = postSolution
		{0FE4CE0D-9CAC-4D61-86F5-06D86C7339EB}.Debug|Any CPU.ActiveCfg = Debug|Any CPU
		{0FE4CE0D-9CAC-4D61-86F5-06D86C7339EB}.Debug|Any CPU.Build.0 = Debug|Any CPU
		{0FE4CE0D-9CAC-4D61-86F5-06D86C7339EB}.Release|Any CPU.ActiveCfg = Release|Any CPU
		{0FE4CE0D-9CAC-4D61-86F5-06D86C7339EB}.Release|Any CPU.Build.0 = Release|Any CPU
		{DB81B1BD-4028-427A-8F40-0A97014CDAC6}.Debug|Any CPU.ActiveCfg = Debug|Any CPU
		{DB81B1BD-4028-427A-8F40-0A97014CDAC6}.Debug|Any CPU.Build.0 = Debug|Any CPU
		{DB81B1BD-4028-427A-8F40-0A97014CDAC6}.Release|Any CPU.ActiveCfg = Release|Any CPU
		{DB81B1BD-4028-427A-8F40-0A97014CDAC6}.Release|Any CPU.Build.0 = Release|Any CPU
	EndGlobalSection
	GlobalSection(SolutionProperties) = preSolution
		HideSolutionNode = FALSE
	EndGlobalSection
	GlobalSection(ExtensibilityGlobals) = postSolution
		SolutionGuid = {03E91CDF-9C66-4502-BC5C-D63342438AC3}
	EndGlobalSection
EndGlobal
